// !$*UTF8*$!
{
	archiveVersion = 1;
	classes = {
	};
	objectVersion = 50;
	objects = {

/* Begin PBXBuildFile section */
		6630E3D82443CD690066BCCC /* main.cpp in Sources */ = {isa = PBXBuildFile; fileRef = 6630E3D72443CD690066BCCC /* main.cpp */; };
		6630E3E02443D2BA0066BCCC /* libncurses.tbd in Frameworks */ = {isa = PBXBuildFile; fileRef = 6630E3DF2443CF020066BCCC /* libncurses.tbd */; settings = {ATTRIBUTES = (Weak, ); }; };
		6630E3E32445E2B20066BCCC /* data_types.cpp in Sources */ = {isa = PBXBuildFile; fileRef = 6630E3E12445E2B20066BCCC /* data_types.cpp */; };
		6630E3E62445E2C70066BCCC /* shapes.cpp in Sources */ = {isa = PBXBuildFile; fileRef = 6630E3E42445E2C70066BCCC /* shapes.cpp */; };
		6630E3E92445E2D70066BCCC /* light_sources.cpp in Sources */ = {isa = PBXBuildFile; fileRef = 6630E3E72445E2D70066BCCC /* light_sources.cpp */; };
		6630E3EC2445E2E10066BCCC /* camera.cpp in Sources */ = {isa = PBXBuildFile; fileRef = 6630E3EA2445E2E10066BCCC /* camera.cpp */; };
		6630E3EF2445E4AB0066BCCC /* ray.cpp in Sources */ = {isa = PBXBuildFile; fileRef = 6630E3ED2445E4AB0066BCCC /* ray.cpp */; };
		6630E3F7244760C70066BCCC /* libX11.6.dylib in Frameworks */ = {isa = PBXBuildFile; fileRef = 6630E3F024475B670066BCCC /* libX11.6.dylib */; settings = {ATTRIBUTES = (Weak, ); }; };
/* End PBXBuildFile section */

/* Begin PBXCopyFilesBuildPhase section */
		6630E3D22443CD680066BCCC /* CopyFiles */ = {
			isa = PBXCopyFilesBuildPhase;
			buildActionMask = 2147483647;
			dstPath = /usr/share/man/man1/;
			dstSubfolderSpec = 0;
			files = (
			);
			runOnlyForDeploymentPostprocessing = 1;
		};
/* End PBXCopyFilesBuildPhase section */

/* Begin PBXFileReference section */
		6630E3D42443CD690066BCCC /* Ray Tracing */ = {isa = PBXFileReference; explicitFileType = "compiled.mach-o.executable"; includeInIndex = 0; path = "Ray Tracing"; sourceTree = BUILT_PRODUCTS_DIR; };
		6630E3D72443CD690066BCCC /* main.cpp */ = {isa = PBXFileReference; lastKnownFileType = sourcecode.cpp.cpp; path = main.cpp; sourceTree = "<group>"; };
		6630E3DF2443CF020066BCCC /* libncurses.tbd */ = {isa = PBXFileReference; lastKnownFileType = "sourcecode.text-based-dylib-definition"; name = libncurses.tbd; path = usr/lib/libncurses.tbd; sourceTree = SDKROOT; };
		6630E3E12445E2B20066BCCC /* data_types.cpp */ = {isa = PBXFileReference; lastKnownFileType = sourcecode.cpp.cpp; path = data_types.cpp; sourceTree = "<group>"; };
		6630E3E22445E2B20066BCCC /* data_types.hpp */ = {isa = PBXFileReference; lastKnownFileType = sourcecode.cpp.h; path = data_types.hpp; sourceTree = "<group>"; };
		6630E3E42445E2C70066BCCC /* shapes.cpp */ = {isa = PBXFileReference; lastKnownFileType = sourcecode.cpp.cpp; path = shapes.cpp; sourceTree = "<group>"; };
		6630E3E52445E2C70066BCCC /* shapes.hpp */ = {isa = PBXFileReference; lastKnownFileType = sourcecode.cpp.h; path = shapes.hpp; sourceTree = "<group>"; };
		6630E3E72445E2D70066BCCC /* light_sources.cpp */ = {isa = PBXFileReference; lastKnownFileType = sourcecode.cpp.cpp; path = light_sources.cpp; sourceTree = "<group>"; };
		6630E3E82445E2D70066BCCC /* light_sources.hpp */ = {isa = PBXFileReference; lastKnownFileType = sourcecode.cpp.h; path = light_sources.hpp; sourceTree = "<group>"; };
		6630E3EA2445E2E10066BCCC /* camera.cpp */ = {isa = PBXFileReference; lastKnownFileType = sourcecode.cpp.cpp; path = camera.cpp; sourceTree = "<group>"; };
		6630E3EB2445E2E10066BCCC /* camera.hpp */ = {isa = PBXFileReference; lastKnownFileType = sourcecode.cpp.h; path = camera.hpp; sourceTree = "<group>"; };
		6630E3ED2445E4AB0066BCCC /* ray.cpp */ = {isa = PBXFileReference; lastKnownFileType = sourcecode.cpp.cpp; path = ray.cpp; sourceTree = "<group>"; };
		6630E3EE2445E4AB0066BCCC /* ray.hpp */ = {isa = PBXFileReference; lastKnownFileType = sourcecode.cpp.h; path = ray.hpp; sourceTree = "<group>"; };
		6630E3F024475B670066BCCC /* libX11.6.dylib */ = {isa = PBXFileReference; lastKnownFileType = "compiled.mach-o.dylib"; name = libX11.6.dylib; path = ../../../../../opt/X11/lib/libX11.6.dylib; sourceTree = "<group>"; };
		6630E3FE24477B840066BCCC /* Ray Tracing.entitlements */ = {isa = PBXFileReference; lastKnownFileType = text.plist.entitlements; path = "Ray Tracing.entitlements"; sourceTree = "<group>"; };
		66DA14C02448C570004432AC /* settings.hpp */ = {isa = PBXFileReference; lastKnownFileType = sourcecode.cpp.h; path = settings.hpp; sourceTree = "<group>"; };
/* End PBXFileReference section */

/* Begin PBXFrameworksBuildPhase section */
		6630E3D12443CD680066BCCC /* Frameworks */ = {
			isa = PBXFrameworksBuildPhase;
			buildActionMask = 2147483647;
			files = (
				6630E3E02443D2BA0066BCCC /* libncurses.tbd in Frameworks */,
				6630E3F7244760C70066BCCC /* libX11.6.dylib in Frameworks */,
			);
			runOnlyForDeploymentPostprocessing = 0;
		};
/* End PBXFrameworksBuildPhase section */

/* Begin PBXGroup section */
		6630E3CB2443CD680066BCCC = {
			isa = PBXGroup;
			children = (
				6630E3D62443CD690066BCCC /* Ray Tracing */,
				6630E3D52443CD690066BCCC /* Products */,
				6630E3DE2443CF020066BCCC /* Frameworks */,
			);
			sourceTree = "<group>";
		};
		6630E3D52443CD690066BCCC /* Products */ = {
			isa = PBXGroup;
			children = (
				6630E3D42443CD690066BCCC /* Ray Tracing */,
			);
			name = Products;
			sourceTree = "<group>";
		};
		6630E3D62443CD690066BCCC /* Ray Tracing */ = {
			isa = PBXGroup;
			children = (
				6630E3FE24477B840066BCCC /* Ray Tracing.entitlements */,
				6630E3D72443CD690066BCCC /* main.cpp */,
				66DA14C02448C570004432AC /* settings.hpp */,
				6630E3EE2445E4AB0066BCCC /* ray.hpp */,
				6630E3ED2445E4AB0066BCCC /* ray.cpp */,
				6630E3E22445E2B20066BCCC /* data_types.hpp */,
				6630E3E12445E2B20066BCCC /* data_types.cpp */,
				6630E3E52445E2C70066BCCC /* shapes.hpp */,
				6630E3E42445E2C70066BCCC /* shapes.cpp */,
				6630E3E82445E2D70066BCCC /* light_sources.hpp */,
				6630E3E72445E2D70066BCCC /* light_sources.cpp */,
				6630E3EB2445E2E10066BCCC /* camera.hpp */,
				6630E3EA2445E2E10066BCCC /* camera.cpp */,
			);
			path = "Ray Tracing";
			sourceTree = "<group>";
		};
		6630E3DE2443CF020066BCCC /* Frameworks */ = {
			isa = PBXGroup;
			children = (
				6630E3F024475B670066BCCC /* libX11.6.dylib */,
				6630E3DF2443CF020066BCCC /* libncurses.tbd */,
			);
			name = Frameworks;
			sourceTree = "<group>";
		};
/* End PBXGroup section */

/* Begin PBXNativeTarget section */
		6630E3D32443CD680066BCCC /* Ray Tracing */ = {
			isa = PBXNativeTarget;
			buildConfigurationList = 6630E3DB2443CD690066BCCC /* Build configuration list for PBXNativeTarget "Ray Tracing" */;
			buildPhases = (
				6630E3D02443CD680066BCCC /* Sources */,
				6630E3D12443CD680066BCCC /* Frameworks */,
				6630E3D22443CD680066BCCC /* CopyFiles */,
			);
			buildRules = (
			);
			dependencies = (
			);
			name = "Ray Tracing";
			productName = "Ray Tracing";
			productReference = 6630E3D42443CD690066BCCC /* Ray Tracing */;
			productType = "com.apple.product-type.tool";
		};
/* End PBXNativeTarget section */

/* Begin PBXProject section */
		6630E3CC2443CD680066BCCC /* Project object */ = {
			isa = PBXProject;
			attributes = {
				LastUpgradeCheck = 1140;
				ORGANIZATIONNAME = "Adam Svestka";
				TargetAttributes = {
					6630E3D32443CD680066BCCC = {
						CreatedOnToolsVersion = 11.4;
					};
				};
			};
			buildConfigurationList = 6630E3CF2443CD680066BCCC /* Build configuration list for PBXProject "Ray Tracing" */;
			compatibilityVersion = "Xcode 9.3";
			developmentRegion = en;
			hasScannedForEncodings = 0;
			knownRegions = (
				en,
				Base,
			);
			mainGroup = 6630E3CB2443CD680066BCCC;
			productRefGroup = 6630E3D52443CD690066BCCC /* Products */;
			projectDirPath = "";
			projectRoot = "";
			targets = (
				6630E3D32443CD680066BCCC /* Ray Tracing */,
			);
		};
/* End PBXProject section */

/* Begin PBXSourcesBuildPhase section */
		6630E3D02443CD680066BCCC /* Sources */ = {
			isa = PBXSourcesBuildPhase;
			buildActionMask = 2147483647;
			files = (
				6630E3EF2445E4AB0066BCCC /* ray.cpp in Sources */,
				6630E3D82443CD690066BCCC /* main.cpp in Sources */,
				6630E3E92445E2D70066BCCC /* light_sources.cpp in Sources */,
				6630E3E32445E2B20066BCCC /* data_types.cpp in Sources */,
				6630E3E62445E2C70066BCCC /* shapes.cpp in Sources */,
				6630E3EC2445E2E10066BCCC /* camera.cpp in Sources */,
			);
			runOnlyForDeploymentPostprocessing = 0;
		};
/* End PBXSourcesBuildPhase section */

/* Begin XCBuildConfiguration section */
		6630E3D92443CD690066BCCC /* Debug */ = {
			isa = XCBuildConfiguration;
			buildSettings = {
				ALWAYS_SEARCH_USER_PATHS = NO;
				CLANG_ANALYZER_NONNULL = YES;
				CLANG_ANALYZER_NUMBER_OBJECT_CONVERSION = YES_AGGRESSIVE;
				CLANG_CXX_LANGUAGE_STANDARD = "gnu++14";
				CLANG_CXX_LIBRARY = "libc++";
				CLANG_ENABLE_MODULES = YES;
				CLANG_ENABLE_OBJC_ARC = YES;
				CLANG_ENABLE_OBJC_WEAK = YES;
				CLANG_WARN_BLOCK_CAPTURE_AUTORELEASING = YES;
				CLANG_WARN_BOOL_CONVERSION = YES;
				CLANG_WARN_COMMA = YES;
				CLANG_WARN_CONSTANT_CONVERSION = YES;
				CLANG_WARN_DEPRECATED_OBJC_IMPLEMENTATIONS = YES;
				CLANG_WARN_DIRECT_OBJC_ISA_USAGE = YES_ERROR;
				CLANG_WARN_DOCUMENTATION_COMMENTS = YES;
				CLANG_WARN_EMPTY_BODY = YES;
				CLANG_WARN_ENUM_CONVERSION = YES;
				CLANG_WARN_INFINITE_RECURSION = YES;
				CLANG_WARN_INT_CONVERSION = YES;
				CLANG_WARN_NON_LITERAL_NULL_CONVERSION = YES;
				CLANG_WARN_OBJC_IMPLICIT_RETAIN_SELF = YES;
				CLANG_WARN_OBJC_LITERAL_CONVERSION = YES;
				CLANG_WARN_OBJC_ROOT_CLASS = YES_ERROR;
				CLANG_WARN_RANGE_LOOP_ANALYSIS = YES;
				CLANG_WARN_STRICT_PROTOTYPES = YES;
				CLANG_WARN_SUSPICIOUS_MOVE = YES;
				CLANG_WARN_UNGUARDED_AVAILABILITY = YES_AGGRESSIVE;
				CLANG_WARN_UNREACHABLE_CODE = YES;
				CLANG_WARN__DUPLICATE_METHOD_MATCH = YES;
				COPY_PHASE_STRIP = NO;
				DEBUG_INFORMATION_FORMAT = dwarf;
				ENABLE_STRICT_OBJC_MSGSEND = YES;
				ENABLE_TESTABILITY = YES;
				GCC_C_LANGUAGE_STANDARD = gnu11;
				GCC_DYNAMIC_NO_PIC = NO;
				GCC_NO_COMMON_BLOCKS = YES;
				GCC_OPTIMIZATION_LEVEL = 0;
				GCC_PREPROCESSOR_DEFINITIONS = (
					"DEBUG=1",
					"$(inherited)",
				);
				GCC_WARN_64_TO_32_BIT_CONVERSION = YES;
				GCC_WARN_ABOUT_RETURN_TYPE = YES_ERROR;
				GCC_WARN_UNDECLARED_SELECTOR = YES;
				GCC_WARN_UNINITIALIZED_AUTOS = YES_AGGRESSIVE;
				GCC_WARN_UNUSED_FUNCTION = YES;
				GCC_WARN_UNUSED_VARIABLE = YES;
				MACOSX_DEPLOYMENT_TARGET = 10.15;
				MTL_ENABLE_DEBUG_INFO = INCLUDE_SOURCE;
				MTL_FAST_MATH = YES;
				ONLY_ACTIVE_ARCH = YES;
				SDKROOT = macosx;
			};
			name = Debug;
		};
		6630E3DA2443CD690066BCCC /* Release */ = {
			isa = XCBuildConfiguration;
			buildSettings = {
				ALWAYS_SEARCH_USER_PATHS = NO;
				CLANG_ANALYZER_NONNULL = YES;
				CLANG_ANALYZER_NUMBER_OBJECT_CONVERSION = YES_AGGRESSIVE;
				CLANG_CXX_LANGUAGE_STANDARD = "gnu++14";
				CLANG_CXX_LIBRARY = "libc++";
				CLANG_ENABLE_MODULES = YES;
				CLANG_ENABLE_OBJC_ARC = YES;
				CLANG_ENABLE_OBJC_WEAK = YES;
				CLANG_WARN_BLOCK_CAPTURE_AUTORELEASING = YES;
				CLANG_WARN_BOOL_CONVERSION = YES;
				CLANG_WARN_COMMA = YES;
				CLANG_WARN_CONSTANT_CONVERSION = YES;
				CLANG_WARN_DEPRECATED_OBJC_IMPLEMENTATIONS = YES;
				CLANG_WARN_DIRECT_OBJC_ISA_USAGE = YES_ERROR;
				CLANG_WARN_DOCUMENTATION_COMMENTS = YES;
				CLANG_WARN_EMPTY_BODY = YES;
				CLANG_WARN_ENUM_CONVERSION = YES;
				CLANG_WARN_INFINITE_RECURSION = YES;
				CLANG_WARN_INT_CONVERSION = YES;
				CLANG_WARN_NON_LITERAL_NULL_CONVERSION = YES;
				CLANG_WARN_OBJC_IMPLICIT_RETAIN_SELF = YES;
				CLANG_WARN_OBJC_LITERAL_CONVERSION = YES;
				CLANG_WARN_OBJC_ROOT_CLASS = YES_ERROR;
				CLANG_WARN_RANGE_LOOP_ANALYSIS = YES;
				CLANG_WARN_STRICT_PROTOTYPES = YES;
				CLANG_WARN_SUSPICIOUS_MOVE = YES;
				CLANG_WARN_UNGUARDED_AVAILABILITY = YES_AGGRESSIVE;
				CLANG_WARN_UNREACHABLE_CODE = YES;
				CLANG_WARN__DUPLICATE_METHOD_MATCH = YES;
				COPY_PHASE_STRIP = NO;
				DEBUG_INFORMATION_FORMAT = "dwarf-with-dsym";
				ENABLE_NS_ASSERTIONS = NO;
				ENABLE_STRICT_OBJC_MSGSEND = YES;
				GCC_C_LANGUAGE_STANDARD = gnu11;
				GCC_NO_COMMON_BLOCKS = YES;
				GCC_WARN_64_TO_32_BIT_CONVERSION = YES;
				GCC_WARN_ABOUT_RETURN_TYPE = YES_ERROR;
				GCC_WARN_UNDECLARED_SELECTOR = YES;
				GCC_WARN_UNINITIALIZED_AUTOS = YES_AGGRESSIVE;
				GCC_WARN_UNUSED_FUNCTION = YES;
				GCC_WARN_UNUSED_VARIABLE = YES;
				MACOSX_DEPLOYMENT_TARGET = 10.15;
				MTL_ENABLE_DEBUG_INFO = NO;
				MTL_FAST_MATH = YES;
				SDKROOT = macosx;
			};
			name = Release;
		};
		6630E3DC2443CD690066BCCC /* Debug */ = {
			isa = XCBuildConfiguration;
			buildSettings = {
				CODE_SIGN_ENTITLEMENTS = "Ray Tracing/Ray Tracing.entitlements";
				CODE_SIGN_IDENTITY = "Apple Development";
				CODE_SIGN_STYLE = Automatic;
				DEVELOPMENT_TEAM = RTA4PXE74H;
				ENABLE_HARDENED_RUNTIME = YES;
				FRAMEWORK_SEARCH_PATHS = "";
				GCC_OPTIMIZATION_LEVEL = 0;
				HEADER_SEARCH_PATHS = /usr/local/include;
				LIBRARY_SEARCH_PATHS = (
					/opt/X11/lib,
					/usr/local/lib,
				);
				OTHER_CPLUSPLUSFLAGS = "$(OTHER_CFLAGS)";
				OTHER_LDFLAGS = "-lX11";
				OTHER_OSACOMPILEFLAGS = "";
				PRODUCT_NAME = "$(TARGET_NAME)";
				PROVISIONING_PROFILE_SPECIFIER = "";
			};
			name = Debug;
		};
		6630E3DD2443CD690066BCCC /* Release */ = {
			isa = XCBuildConfiguration;
			buildSettings = {
				CODE_SIGN_ENTITLEMENTS = "Ray Tracing/Ray Tracing.entitlements";
				CODE_SIGN_IDENTITY = "Apple Development";
				CODE_SIGN_STYLE = Automatic;
				DEVELOPMENT_TEAM = RTA4PXE74H;
				ENABLE_HARDENED_RUNTIME = YES;
				FRAMEWORK_SEARCH_PATHS = "";
				HEADER_SEARCH_PATHS = /usr/local/include;
				LIBRARY_SEARCH_PATHS = (
					/opt/X11/lib,
					/usr/local/lib,
				);
				OTHER_CPLUSPLUSFLAGS = "$(OTHER_CFLAGS)";
				OTHER_LDFLAGS = "-lX11";
				OTHER_OSACOMPILEFLAGS = "";
				PRODUCT_NAME = "$(TARGET_NAME)";
				PROVISIONING_PROFILE_SPECIFIER = "";
			};
			name = Release;
		};
/* End XCBuildConfiguration section */

/* Begin XCConfigurationList section */
		6630E3CF2443CD680066BCCC /* Build configuration list for PBXProject "Ray Tracing" */ = {
			isa = XCConfigurationList;
			buildConfigurations = (
				6630E3D92443CD690066BCCC /* Debug */,
				6630E3DA2443CD690066BCCC /* Release */,
			);
			defaultConfigurationIsVisible = 0;
			defaultConfigurationName = Release;
		};
		6630E3DB2443CD690066BCCC /* Build configuration list for PBXNativeTarget "Ray Tracing" */ = {
			isa = XCConfigurationList;
			buildConfigurations = (
				6630E3DC2443CD690066BCCC /* Debug */,
				6630E3DD2443CD690066BCCC /* Release */,
			);
			defaultConfigurationIsVisible = 0;
			defaultConfigurationName = Release;
		};
/* End XCConfigurationList section */
	};
	rootObject = 6630E3CC2443CD680066BCCC /* Project object */;
}
